<?xml version="1.0" encoding="utf-8"?>
<Project ToolsVersion="4.0" xmlns="http://schemas.microsoft.com/developer/msbuild/2003">
  <ItemGroup>
    <Filter Include="Source">
      <UniqueIdentifier>{56EB95D1-428D-C0A7-2B48-D4FB178947F8}</UniqueIdentifier>
    </Filter>
    <Filter Include="vendors">
      <UniqueIdentifier>{86EAAF72-F2C9-2E0E-FBE1-B9E46740956F}</UniqueIdentifier>
    </Filter>
    <Filter Include="vendors\GLFW">
      <UniqueIdentifier>{8529408B-718C-CF2F-1A12-08E606549BB2}</UniqueIdentifier>
    </Filter>
    <Filter Include="vendors\GLFW\lib-vc2022">
      <UniqueIdentifier>{9784B576-03BC-FD0D-0CC6-6131787C2407}</UniqueIdentifier>
    </Filter>
  </ItemGroup>
  <ItemGroup>
    <ClInclude Include="Source\Vulkan-Core.h">
      <Filter>Source</Filter>
    </ClInclude>
    <ClInclude Include="Source\VulkanManager.h" />
    <ClInclude Include="Source\PhysicalDevice.h" />
    <ClInclude Include="Source\Structs.h" />
    <ClInclude Include="Source\Helper.h" />
    <ClInclude Include="Source\LogicalDevice.h" />
    <ClInclude Include="Source\ValidationLayers.h" />
    <ClInclude Include="Source\WinSys.h" />
    <ClInclude Include="Source\Model.h" />
    <ClInclude Include="Source\Material.h" />
    <ClInclude Include="Source\GraphicsPipeline.h" />
    <ClInclude Include="Source\RenderPass.h" />
    <ClInclude Include="Source\GameObject.h" />
    <ClInclude Include="Source\Texture.h" />
  </ItemGroup>
  <ItemGroup>
    <ClCompile Include="Source\Vulkan-Core.cpp">
      <Filter>Source</Filter>
    </ClCompile>
    <ClCompile Include="Source\VulkanManager.cpp" />
    <ClCompile Include="Source\PhysicalDevice.cpp" />
    <ClCompile Include="Source\Helper.cpp" />
    <ClCompile Include="Source\LogicalDevice.cpp" />
    <ClCompile Include="Source\ValidationLayers.cpp" />
    <ClCompile Include="Source\WinSys.cpp" />
    <ClCompile Include="Source\Model.cpp" />
    <ClCompile Include="Source\Material.cpp" />
    <ClCompile Include="Source\GraphicsPipeline.cpp" />
    <ClCompile Include="Source\RenderPass.cpp" />
    <ClCompile Include="Source\GameObject.cpp" />
    <ClCompile Include="Source\Texture.cpp" />
  </ItemGroup>
</Project>